{
  "name": "trade-nest",
  "lockfileVersion": 3,
  "requires": true,
  "packages": {
    "": {
      "dependencies": {
        "@react-oauth/google": "^0.12.1"
      }
    },
    "node_modules/@react-oauth/google": {
      "version": "0.12.1",
      "resolved": "https://registry.npmjs.org/@react-oauth/google/-/google-0.12.1.tgz",
      "integrity": "sha512-qagsy22t+7UdkYAiT5ZhfM4StXi9PPNvw0zuwNmabrWyMKddczMtBIOARflbaIj+wHiQjnMAsZmzsUYuXeyoSg==",
      "peerDependencies": {
        "react": ">=16.8.0",
        "react-dom": ">=16.8.0"
      }
    }
  }
}
